// !$*UTF8*$!
{
	archiveVersion = 1;
	classes = {
	};
	objectVersion = 46;
	objects = {

/* Begin PBXBuildFile section */
		717B06101D13F55D005A8C76 /* main.m in Sources */ = {isa = PBXBuildFile; fileRef = 717B060F1D13F55D005A8C76 /* main.m */; };
		717B06131D13F55D005A8C76 /* AppDelegate.m in Sources */ = {isa = PBXBuildFile; fileRef = 717B06121D13F55D005A8C76 /* AppDelegate.m */; };
		717B06161D13F55D005A8C76 /* ViewController.m in Sources */ = {isa = PBXBuildFile; fileRef = 717B06151D13F55D005A8C76 /* ViewController.m */; };
		717B06191D13F55D005A8C76 /* Main.storyboard in Resources */ = {isa = PBXBuildFile; fileRef = 717B06171D13F55D005A8C76 /* Main.storyboard */; };
		717B061B1D13F55D005A8C76 /* Assets.xcassets in Resources */ = {isa = PBXBuildFile; fileRef = 717B061A1D13F55D005A8C76 /* Assets.xcassets */; };
		717B061E1D13F55D005A8C76 /* LaunchScreen.storyboard in Resources */ = {isa = PBXBuildFile; fileRef = 717B061C1D13F55D005A8C76 /* LaunchScreen.storyboard */; };
		717B06291D13F55D005A8C76 /* HWToolDemoTests.m in Sources */ = {isa = PBXBuildFile; fileRef = 717B06281D13F55D005A8C76 /* HWToolDemoTests.m */; };
		717B06341D13F55D005A8C76 /* HWToolDemoUITests.m in Sources */ = {isa = PBXBuildFile; fileRef = 717B06331D13F55D005A8C76 /* HWToolDemoUITests.m */; };
		71B0D3A01F208C380082221A /* GTMBase64.m in Sources */ = {isa = PBXBuildFile; fileRef = 71B0D3261F208C370082221A /* GTMBase64.m */; };
		71B0D3A11F208C380082221A /* HorsonIPAddress.c in Sources */ = {isa = PBXBuildFile; fileRef = 71B0D3281F208C370082221A /* HorsonIPAddress.c */; };
		71B0D3A21F208C380082221A /* HWAES128Util.m in Sources */ = {isa = PBXBuildFile; fileRef = 71B0D32B1F208C370082221A /* HWAES128Util.m */; };
		71B0D3A31F208C380082221A /* HWEncryption.m in Sources */ = {isa = PBXBuildFile; fileRef = 71B0D32D1F208C370082221A /* HWEncryption.m */; };
		71B0D3A41F208C380082221A /* NSArray+HW.m in Sources */ = {isa = PBXBuildFile; fileRef = 71B0D3311F208C370082221A /* NSArray+HW.m */; };
		71B0D3A51F208C380082221A /* NSDate+HW.m in Sources */ = {isa = PBXBuildFile; fileRef = 71B0D3331F208C370082221A /* NSDate+HW.m */; };
		71B0D3A61F208C380082221A /* NSDictionary+HW.m in Sources */ = {isa = PBXBuildFile; fileRef = 71B0D3351F208C370082221A /* NSDictionary+HW.m */; };
		71B0D3A71F208C380082221A /* NSString+HW.m in Sources */ = {isa = PBXBuildFile; fileRef = 71B0D3371F208C370082221A /* NSString+HW.m */; };
		71B0D3A81F208C380082221A /* HWAppSetting.m in Sources */ = {isa = PBXBuildFile; fileRef = 71B0D3391F208C370082221A /* HWAppSetting.m */; };
		71B0D3A91F208C380082221A /* HWFile.m in Sources */ = {isa = PBXBuildFile; fileRef = 71B0D33B1F208C370082221A /* HWFile.m */; };
		71B0D3AA1F208C380082221A /* HWModelTool.m in Sources */ = {isa = PBXBuildFile; fileRef = 71B0D33D1F208C370082221A /* HWModelTool.m */; };
		71B0D3AB1F208C380082221A /* HWADScrollView.m in Sources */ = {isa = PBXBuildFile; fileRef = 71B0D3461F208C380082221A /* HWADScrollView.m */; };
		71B0D3AC1F208C380082221A /* HWPageControl.m in Sources */ = {isa = PBXBuildFile; fileRef = 71B0D3481F208C380082221A /* HWPageControl.m */; };
		71B0D3AD1F208C380082221A /* HWChooseView.m in Sources */ = {isa = PBXBuildFile; fileRef = 71B0D34B1F208C380082221A /* HWChooseView.m */; };
		71B0D3AE1F208C380082221A /* HWDropDownList.m in Sources */ = {isa = PBXBuildFile; fileRef = 71B0D34D1F208C380082221A /* HWDropDownList.m */; };
		71B0D3AF1F208C380082221A /* HWMessage.m in Sources */ = {isa = PBXBuildFile; fileRef = 71B0D3501F208C380082221A /* HWMessage.m */; };
		71B0D3B01F208C380082221A /* HWPointsAddedHint.m in Sources */ = {isa = PBXBuildFile; fileRef = 71B0D3521F208C380082221A /* HWPointsAddedHint.m */; };
		71B0D3B11F208C380082221A /* HWQRCodeUtil.m in Sources */ = {isa = PBXBuildFile; fileRef = 71B0D3541F208C380082221A /* HWQRCodeUtil.m */; };
		71B0D3B21F208C380082221A /* HWRollingLabel.m in Sources */ = {isa = PBXBuildFile; fileRef = 71B0D3561F208C380082221A /* HWRollingLabel.m */; };
		71B0D3B31F208C380082221A /* HWTakePhotoUtil.m in Sources */ = {isa = PBXBuildFile; fileRef = 71B0D3581F208C380082221A /* HWTakePhotoUtil.m */; };
		71B0D3B41F208C380082221A /* HWNetwokUploadingAnimation.m in Sources */ = {isa = PBXBuildFile; fileRef = 71B0D35B1F208C380082221A /* HWNetwokUploadingAnimation.m */; };
		71B0D3B51F208C380082221A /* HWBrowserImageView.m in Sources */ = {isa = PBXBuildFile; fileRef = 71B0D35E1F208C380082221A /* HWBrowserImageView.m */; };
		71B0D3B61F208C380082221A /* HWPhotoBrowser.m in Sources */ = {isa = PBXBuildFile; fileRef = 71B0D3601F208C380082221A /* HWPhotoBrowser.m */; };
		71B0D3B71F208C380082221A /* HWWaitingView.m in Sources */ = {isa = PBXBuildFile; fileRef = 71B0D3631F208C380082221A /* HWWaitingView.m */; };
		71B0D3B81F208C380082221A /* HWRatingBar.m in Sources */ = {isa = PBXBuildFile; fileRef = 71B0D3661F208C380082221A /* HWRatingBar.m */; };
		71B0D3B91F208C380082221A /* SphereMenu.m in Sources */ = {isa = PBXBuildFile; fileRef = 71B0D3681F208C380082221A /* SphereMenu.m */; };
		71B0D3BA1F208C380082221A /* HWTabbarView.m in Sources */ = {isa = PBXBuildFile; fileRef = 71B0D36B1F208C380082221A /* HWTabbarView.m */; };
		71B0D3BB1F208C380082221A /* HWTabBarController.m in Sources */ = {isa = PBXBuildFile; fileRef = 71B0D36F1F208C380082221A /* HWTabBarController.m */; };
		71B0D3BC1F208C380082221A /* HWNetwork.m in Sources */ = {isa = PBXBuildFile; fileRef = 71B0D3721F208C380082221A /* HWNetwork.m */; };
		71B0D3BD1F208C380082221A /* HWNetworking.m in Sources */ = {isa = PBXBuildFile; fileRef = 71B0D3741F208C380082221A /* HWNetworking.m */; };
		71B0D3BE1F208C380082221A /* HWURLProtocol.m in Sources */ = {isa = PBXBuildFile; fileRef = 71B0D3761F208C380082221A /* HWURLProtocol.m */; };
		71B0D3BF1F208C380082221A /* NSString+HWNet.m in Sources */ = {isa = PBXBuildFile; fileRef = 71B0D3781F208C380082221A /* NSString+HWNet.m */; };
		71B0D3C01F208C380082221A /* HWRouter.m in Sources */ = {isa = PBXBuildFile; fileRef = 71B0D37B1F208C380082221A /* HWRouter.m */; };
		71B0D3C11F208C380082221A /* HWRouteUtil.m in Sources */ = {isa = PBXBuildFile; fileRef = 71B0D37D1F208C380082221A /* HWRouteUtil.m */; };
		71B0D3C21F208C380082221A /* HWFuntion.m in Sources */ = {isa = PBXBuildFile; fileRef = 71B0D3801F208C380082221A /* HWFuntion.m */; };
		71B0D3C31F208C380082221A /* HWJsonStringTool.m in Sources */ = {isa = PBXBuildFile; fileRef = 71B0D3821F208C380082221A /* HWJsonStringTool.m */; };
		71B0D3C41F208C380082221A /* HWViewTool.m in Sources */ = {isa = PBXBuildFile; fileRef = 71B0D3841F208C380082221A /* HWViewTool.m */; };
		71B0D3C51F208C380082221A /* UIButton+HW.m in Sources */ = {isa = PBXBuildFile; fileRef = 71B0D3881F208C380082221A /* UIButton+HW.m */; };
		71B0D3C61F208C380082221A /* UIColor+HW.m in Sources */ = {isa = PBXBuildFile; fileRef = 71B0D38A1F208C380082221A /* UIColor+HW.m */; };
		71B0D3C71F208C380082221A /* UIImage+HW.m in Sources */ = {isa = PBXBuildFile; fileRef = 71B0D38C1F208C380082221A /* UIImage+HW.m */; };
		71B0D3C81F208C380082221A /* UILabel+HW.m in Sources */ = {isa = PBXBuildFile; fileRef = 71B0D38E1F208C380082221A /* UILabel+HW.m */; };
		71B0D3C91F208C380082221A /* UINavigationBar+HW.m in Sources */ = {isa = PBXBuildFile; fileRef = 71B0D3901F208C380082221A /* UINavigationBar+HW.m */; };
		71B0D3CA1F208C380082221A /* UITextField+HW.m in Sources */ = {isa = PBXBuildFile; fileRef = 71B0D3921F208C380082221A /* UITextField+HW.m */; };
		71B0D3CB1F208C380082221A /* UIView+HW.m in Sources */ = {isa = PBXBuildFile; fileRef = 71B0D3941F208C380082221A /* UIView+HW.m */; };
		71B0D3CC1F208C380082221A /* UIViewController+HW.m in Sources */ = {isa = PBXBuildFile; fileRef = 71B0D3961F208C380082221A /* UIViewController+HW.m */; };
		71B0D3CD1F208C380082221A /* UIWindow+HW.m in Sources */ = {isa = PBXBuildFile; fileRef = 71B0D3981F208C380082221A /* UIWindow+HW.m */; };
		71B0D3CE1F208C380082221A /* HWImageView.m in Sources */ = {isa = PBXBuildFile; fileRef = 71B0D39A1F208C380082221A /* HWImageView.m */; };
		71B0D3CF1F208C380082221A /* HWAudioTool.m in Sources */ = {isa = PBXBuildFile; fileRef = 71B0D39E1F208C380082221A /* HWAudioTool.m */; };
/* End PBXBuildFile section */

/* Begin PBXContainerItemProxy section */
		717B06251D13F55D005A8C76 /* PBXContainerItemProxy */ = {
			isa = PBXContainerItemProxy;
			containerPortal = 717B06031D13F55D005A8C76 /* Project object */;
			proxyType = 1;
			remoteGlobalIDString = 717B060A1D13F55D005A8C76;
			remoteInfo = HWToolDemo;
		};
		717B06301D13F55D005A8C76 /* PBXContainerItemProxy */ = {
			isa = PBXContainerItemProxy;
			containerPortal = 717B06031D13F55D005A8C76 /* Project object */;
			proxyType = 1;
			remoteGlobalIDString = 717B060A1D13F55D005A8C76;
			remoteInfo = HWToolDemo;
		};
/* End PBXContainerItemProxy section */

/* Begin PBXFileReference section */
		71723CE01E7FC25400515B9C /* HWToolDemo.pch */ = {isa = PBXFileReference; fileEncoding = 4; lastKnownFileType = sourcecode.c.h; path = HWToolDemo.pch; sourceTree = "<group>"; };
		717B060B1D13F55D005A8C76 /* HWToolDemo.app */ = {isa = PBXFileReference; explicitFileType = wrapper.application; includeInIndex = 0; path = HWToolDemo.app; sourceTree = BUILT_PRODUCTS_DIR; };
		717B060F1D13F55D005A8C76 /* main.m */ = {isa = PBXFileReference; lastKnownFileType = sourcecode.c.objc; path = main.m; sourceTree = "<group>"; };
		717B06111D13F55D005A8C76 /* AppDelegate.h */ = {isa = PBXFileReference; lastKnownFileType = sourcecode.c.h; path = AppDelegate.h; sourceTree = "<group>"; };
		717B06121D13F55D005A8C76 /* AppDelegate.m */ = {isa = PBXFileReference; lastKnownFileType = sourcecode.c.objc; path = AppDelegate.m; sourceTree = "<group>"; };
		717B06141D13F55D005A8C76 /* ViewController.h */ = {isa = PBXFileReference; lastKnownFileType = sourcecode.c.h; path = ViewController.h; sourceTree = "<group>"; };
		717B06151D13F55D005A8C76 /* ViewController.m */ = {isa = PBXFileReference; lastKnownFileType = sourcecode.c.objc; path = ViewController.m; sourceTree = "<group>"; };
		717B06181D13F55D005A8C76 /* Base */ = {isa = PBXFileReference; lastKnownFileType = file.storyboard; name = Base; path = Base.lproj/Main.storyboard; sourceTree = "<group>"; };
		717B061A1D13F55D005A8C76 /* Assets.xcassets */ = {isa = PBXFileReference; lastKnownFileType = folder.assetcatalog; path = Assets.xcassets; sourceTree = "<group>"; };
		717B061D1D13F55D005A8C76 /* Base */ = {isa = PBXFileReference; lastKnownFileType = file.storyboard; name = Base; path = Base.lproj/LaunchScreen.storyboard; sourceTree = "<group>"; };
		717B061F1D13F55D005A8C76 /* Info.plist */ = {isa = PBXFileReference; lastKnownFileType = text.plist.xml; path = Info.plist; sourceTree = "<group>"; };
		717B06241D13F55D005A8C76 /* HWToolDemoTests.xctest */ = {isa = PBXFileReference; explicitFileType = wrapper.cfbundle; includeInIndex = 0; path = HWToolDemoTests.xctest; sourceTree = BUILT_PRODUCTS_DIR; };
		717B06281D13F55D005A8C76 /* HWToolDemoTests.m */ = {isa = PBXFileReference; lastKnownFileType = sourcecode.c.objc; path = HWToolDemoTests.m; sourceTree = "<group>"; };
		717B062A1D13F55D005A8C76 /* Info.plist */ = {isa = PBXFileReference; lastKnownFileType = text.plist.xml; path = Info.plist; sourceTree = "<group>"; };
		717B062F1D13F55D005A8C76 /* HWToolDemoUITests.xctest */ = {isa = PBXFileReference; explicitFileType = wrapper.cfbundle; includeInIndex = 0; path = HWToolDemoUITests.xctest; sourceTree = BUILT_PRODUCTS_DIR; };
		717B06331D13F55D005A8C76 /* HWToolDemoUITests.m */ = {isa = PBXFileReference; lastKnownFileType = sourcecode.c.objc; path = HWToolDemoUITests.m; sourceTree = "<group>"; };
		717B06351D13F55D005A8C76 /* Info.plist */ = {isa = PBXFileReference; lastKnownFileType = text.plist.xml; path = Info.plist; sourceTree = "<group>"; };
		71B0D3251F208C370082221A /* GTMBase64.h */ = {isa = PBXFileReference; fileEncoding = 4; lastKnownFileType = sourcecode.c.h; path = GTMBase64.h; sourceTree = "<group>"; };
		71B0D3261F208C370082221A /* GTMBase64.m */ = {isa = PBXFileReference; fileEncoding = 4; lastKnownFileType = sourcecode.c.objc; path = GTMBase64.m; sourceTree = "<group>"; };
		71B0D3271F208C370082221A /* GTMDefines.h */ = {isa = PBXFileReference; fileEncoding = 4; lastKnownFileType = sourcecode.c.h; path = GTMDefines.h; sourceTree = "<group>"; };
		71B0D3281F208C370082221A /* HorsonIPAddress.c */ = {isa = PBXFileReference; fileEncoding = 4; lastKnownFileType = sourcecode.c.c; path = HorsonIPAddress.c; sourceTree = "<group>"; };
		71B0D3291F208C370082221A /* HorsonIPAddress.h */ = {isa = PBXFileReference; fileEncoding = 4; lastKnownFileType = sourcecode.c.h; path = HorsonIPAddress.h; sourceTree = "<group>"; };
		71B0D32A1F208C370082221A /* HWAES128Util.h */ = {isa = PBXFileReference; fileEncoding = 4; lastKnownFileType = sourcecode.c.h; path = HWAES128Util.h; sourceTree = "<group>"; };
		71B0D32B1F208C370082221A /* HWAES128Util.m */ = {isa = PBXFileReference; fileEncoding = 4; lastKnownFileType = sourcecode.c.objc; path = HWAES128Util.m; sourceTree = "<group>"; };
		71B0D32C1F208C370082221A /* HWEncryption.h */ = {isa = PBXFileReference; fileEncoding = 4; lastKnownFileType = sourcecode.c.h; path = HWEncryption.h; sourceTree = "<group>"; };
		71B0D32D1F208C370082221A /* HWEncryption.m */ = {isa = PBXFileReference; fileEncoding = 4; lastKnownFileType = sourcecode.c.objc; path = HWEncryption.m; sourceTree = "<group>"; };
		71B0D3301F208C370082221A /* NSArray+HW.h */ = {isa = PBXFileReference; fileEncoding = 4; lastKnownFileType = sourcecode.c.h; path = "NSArray+HW.h"; sourceTree = "<group>"; };
		71B0D3311F208C370082221A /* NSArray+HW.m */ = {isa = PBXFileReference; fileEncoding = 4; lastKnownFileType = sourcecode.c.objc; path = "NSArray+HW.m"; sourceTree = "<group>"; };
		71B0D3321F208C370082221A /* NSDate+HW.h */ = {isa = PBXFileReference; fileEncoding = 4; lastKnownFileType = sourcecode.c.h; path = "NSDate+HW.h"; sourceTree = "<group>"; };
		71B0D3331F208C370082221A /* NSDate+HW.m */ = {isa = PBXFileReference; fileEncoding = 4; lastKnownFileType = sourcecode.c.objc; path = "NSDate+HW.m"; sourceTree = "<group>"; };
		71B0D3341F208C370082221A /* NSDictionary+HW.h */ = {isa = PBXFileReference; fileEncoding = 4; lastKnownFileType = sourcecode.c.h; path = "NSDictionary+HW.h"; sourceTree = "<group>"; };
		71B0D3351F208C370082221A /* NSDictionary+HW.m */ = {isa = PBXFileReference; fileEncoding = 4; lastKnownFileType = sourcecode.c.objc; path = "NSDictionary+HW.m"; sourceTree = "<group>"; };
		71B0D3361F208C370082221A /* NSString+HW.h */ = {isa = PBXFileReference; fileEncoding = 4; lastKnownFileType = sourcecode.c.h; path = "NSString+HW.h"; sourceTree = "<group>"; };
		71B0D3371F208C370082221A /* NSString+HW.m */ = {isa = PBXFileReference; fileEncoding = 4; lastKnownFileType = sourcecode.c.objc; path = "NSString+HW.m"; sourceTree = "<group>"; };
		71B0D3381F208C370082221A /* HWAppSetting.h */ = {isa = PBXFileReference; fileEncoding = 4; lastKnownFileType = sourcecode.c.h; path = HWAppSetting.h; sourceTree = "<group>"; };
		71B0D3391F208C370082221A /* HWAppSetting.m */ = {isa = PBXFileReference; fileEncoding = 4; lastKnownFileType = sourcecode.c.objc; path = HWAppSetting.m; sourceTree = "<group>"; };
		71B0D33A1F208C370082221A /* HWFile.h */ = {isa = PBXFileReference; fileEncoding = 4; lastKnownFileType = sourcecode.c.h; path = HWFile.h; sourceTree = "<group>"; };
		71B0D33B1F208C370082221A /* HWFile.m */ = {isa = PBXFileReference; fileEncoding = 4; lastKnownFileType = sourcecode.c.objc; path = HWFile.m; sourceTree = "<group>"; };
		71B0D33C1F208C370082221A /* HWModelTool.h */ = {isa = PBXFileReference; fileEncoding = 4; lastKnownFileType = sourcecode.c.h; path = HWModelTool.h; sourceTree = "<group>"; };
		71B0D33D1F208C370082221A /* HWModelTool.m */ = {isa = PBXFileReference; fileEncoding = 4; lastKnownFileType = sourcecode.c.objc; path = HWModelTool.m; sourceTree = "<group>"; };
		71B0D33E1F208C370082221A /* HWAPIHeader.h */ = {isa = PBXFileReference; fileEncoding = 4; lastKnownFileType = sourcecode.c.h; path = HWAPIHeader.h; sourceTree = "<group>"; };
		71B0D3401F208C370082221A /* HWCommonMocros.h */ = {isa = PBXFileReference; fileEncoding = 4; lastKnownFileType = sourcecode.c.h; path = HWCommonMocros.h; sourceTree = "<group>"; };
		71B0D3421F208C370082221A /* HWModel.h */ = {isa = PBXFileReference; fileEncoding = 4; lastKnownFileType = sourcecode.c.h; path = HWModel.h; sourceTree = "<group>"; };
		71B0D3451F208C380082221A /* HWADScrollView.h */ = {isa = PBXFileReference; fileEncoding = 4; lastKnownFileType = sourcecode.c.h; path = HWADScrollView.h; sourceTree = "<group>"; };
		71B0D3461F208C380082221A /* HWADScrollView.m */ = {isa = PBXFileReference; fileEncoding = 4; lastKnownFileType = sourcecode.c.objc; path = HWADScrollView.m; sourceTree = "<group>"; };
		71B0D3471F208C380082221A /* HWPageControl.h */ = {isa = PBXFileReference; fileEncoding = 4; lastKnownFileType = sourcecode.c.h; path = HWPageControl.h; sourceTree = "<group>"; };
		71B0D3481F208C380082221A /* HWPageControl.m */ = {isa = PBXFileReference; fileEncoding = 4; lastKnownFileType = sourcecode.c.objc; path = HWPageControl.m; sourceTree = "<group>"; };
		71B0D34A1F208C380082221A /* HWChooseView.h */ = {isa = PBXFileReference; fileEncoding = 4; lastKnownFileType = sourcecode.c.h; path = HWChooseView.h; sourceTree = "<group>"; };
		71B0D34B1F208C380082221A /* HWChooseView.m */ = {isa = PBXFileReference; fileEncoding = 4; lastKnownFileType = sourcecode.c.objc; path = HWChooseView.m; sourceTree = "<group>"; };
		71B0D34C1F208C380082221A /* HWDropDownList.h */ = {isa = PBXFileReference; fileEncoding = 4; lastKnownFileType = sourcecode.c.h; path = HWDropDownList.h; sourceTree = "<group>"; };
		71B0D34D1F208C380082221A /* HWDropDownList.m */ = {isa = PBXFileReference; fileEncoding = 4; lastKnownFileType = sourcecode.c.objc; path = HWDropDownList.m; sourceTree = "<group>"; };
		71B0D34F1F208C380082221A /* HWMessage.h */ = {isa = PBXFileReference; fileEncoding = 4; lastKnownFileType = sourcecode.c.h; path = HWMessage.h; sourceTree = "<group>"; };
		71B0D3501F208C380082221A /* HWMessage.m */ = {isa = PBXFileReference; fileEncoding = 4; lastKnownFileType = sourcecode.c.objc; path = HWMessage.m; sourceTree = "<group>"; };
		71B0D3511F208C380082221A /* HWPointsAddedHint.h */ = {isa = PBXFileReference; fileEncoding = 4; lastKnownFileType = sourcecode.c.h; path = HWPointsAddedHint.h; sourceTree = "<group>"; };
		71B0D3521F208C380082221A /* HWPointsAddedHint.m */ = {isa = PBXFileReference; fileEncoding = 4; lastKnownFileType = sourcecode.c.objc; path = HWPointsAddedHint.m; sourceTree = "<group>"; };
		71B0D3531F208C380082221A /* HWQRCodeUtil.h */ = {isa = PBXFileReference; fileEncoding = 4; lastKnownFileType = sourcecode.c.h; path = HWQRCodeUtil.h; sourceTree = "<group>"; };
		71B0D3541F208C380082221A /* HWQRCodeUtil.m */ = {isa = PBXFileReference; fileEncoding = 4; lastKnownFileType = sourcecode.c.objc; path = HWQRCodeUtil.m; sourceTree = "<group>"; };
		71B0D3551F208C380082221A /* HWRollingLabel.h */ = {isa = PBXFileReference; fileEncoding = 4; lastKnownFileType = sourcecode.c.h; path = HWRollingLabel.h; sourceTree = "<group>"; };
		71B0D3561F208C380082221A /* HWRollingLabel.m */ = {isa = PBXFileReference; fileEncoding = 4; lastKnownFileType = sourcecode.c.objc; path = HWRollingLabel.m; sourceTree = "<group>"; };
		71B0D3571F208C380082221A /* HWTakePhotoUtil.h */ = {isa = PBXFileReference; fileEncoding = 4; lastKnownFileType = sourcecode.c.h; path = HWTakePhotoUtil.h; sourceTree = "<group>"; };
		71B0D3581F208C380082221A /* HWTakePhotoUtil.m */ = {isa = PBXFileReference; fileEncoding = 4; lastKnownFileType = sourcecode.c.objc; path = HWTakePhotoUtil.m; sourceTree = "<group>"; };
		71B0D35A1F208C380082221A /* HWNetwokUploadingAnimation.h */ = {isa = PBXFileReference; fileEncoding = 4; lastKnownFileType = sourcecode.c.h; path = HWNetwokUploadingAnimation.h; sourceTree = "<group>"; };
		71B0D35B1F208C380082221A /* HWNetwokUploadingAnimation.m */ = {isa = PBXFileReference; fileEncoding = 4; lastKnownFileType = sourcecode.c.objc; path = HWNetwokUploadingAnimation.m; sourceTree = "<group>"; };
		71B0D35D1F208C380082221A /* HWBrowserImageView.h */ = {isa = PBXFileReference; fileEncoding = 4; lastKnownFileType = sourcecode.c.h; path = HWBrowserImageView.h; sourceTree = "<group>"; };
		71B0D35E1F208C380082221A /* HWBrowserImageView.m */ = {isa = PBXFileReference; fileEncoding = 4; lastKnownFileType = sourcecode.c.objc; path = HWBrowserImageView.m; sourceTree = "<group>"; };
		71B0D35F1F208C380082221A /* HWPhotoBrowser.h */ = {isa = PBXFileReference; fileEncoding = 4; lastKnownFileType = sourcecode.c.h; path = HWPhotoBrowser.h; sourceTree = "<group>"; };
		71B0D3601F208C380082221A /* HWPhotoBrowser.m */ = {isa = PBXFileReference; fileEncoding = 4; lastKnownFileType = sourcecode.c.objc; path = HWPhotoBrowser.m; sourceTree = "<group>"; };
		71B0D3611F208C380082221A /* HWPhotoBrowserConfig.h */ = {isa = PBXFileReference; fileEncoding = 4; lastKnownFileType = sourcecode.c.h; path = HWPhotoBrowserConfig.h; sourceTree = "<group>"; };
		71B0D3621F208C380082221A /* HWWaitingView.h */ = {isa = PBXFileReference; fileEncoding = 4; lastKnownFileType = sourcecode.c.h; path = HWWaitingView.h; sourceTree = "<group>"; };
		71B0D3631F208C380082221A /* HWWaitingView.m */ = {isa = PBXFileReference; fileEncoding = 4; lastKnownFileType = sourcecode.c.objc; path = HWWaitingView.m; sourceTree = "<group>"; };
		71B0D3651F208C380082221A /* HWRatingBar.h */ = {isa = PBXFileReference; fileEncoding = 4; lastKnownFileType = sourcecode.c.h; path = HWRatingBar.h; sourceTree = "<group>"; };
		71B0D3661F208C380082221A /* HWRatingBar.m */ = {isa = PBXFileReference; fileEncoding = 4; lastKnownFileType = sourcecode.c.objc; path = HWRatingBar.m; sourceTree = "<group>"; };
		71B0D3671F208C380082221A /* SphereMenu.h */ = {isa = PBXFileReference; fileEncoding = 4; lastKnownFileType = sourcecode.c.h; path = SphereMenu.h; sourceTree = "<group>"; };
		71B0D3681F208C380082221A /* SphereMenu.m */ = {isa = PBXFileReference; fileEncoding = 4; lastKnownFileType = sourcecode.c.objc; path = SphereMenu.m; sourceTree = "<group>"; };
		71B0D36A1F208C380082221A /* HWTabbarView.h */ = {isa = PBXFileReference; fileEncoding = 4; lastKnownFileType = sourcecode.c.h; path = HWTabbarView.h; sourceTree = "<group>"; };
		71B0D36B1F208C380082221A /* HWTabbarView.m */ = {isa = PBXFileReference; fileEncoding = 4; lastKnownFileType = sourcecode.c.objc; path = HWTabbarView.m; sourceTree = "<group>"; };
		71B0D36E1F208C380082221A /* HWTabBarController.h */ = {isa = PBXFileReference; fileEncoding = 4; lastKnownFileType = sourcecode.c.h; path = HWTabBarController.h; sourceTree = "<group>"; };
		71B0D36F1F208C380082221A /* HWTabBarController.m */ = {isa = PBXFileReference; fileEncoding = 4; lastKnownFileType = sourcecode.c.objc; path = HWTabBarController.m; sourceTree = "<group>"; };
		71B0D3711F208C380082221A /* HWNetwork.h */ = {isa = PBXFileReference; fileEncoding = 4; lastKnownFileType = sourcecode.c.h; path = HWNetwork.h; sourceTree = "<group>"; };
		71B0D3721F208C380082221A /* HWNetwork.m */ = {isa = PBXFileReference; fileEncoding = 4; lastKnownFileType = sourcecode.c.objc; path = HWNetwork.m; sourceTree = "<group>"; };
		71B0D3731F208C380082221A /* HWNetworking.h */ = {isa = PBXFileReference; fileEncoding = 4; lastKnownFileType = sourcecode.c.h; path = HWNetworking.h; sourceTree = "<group>"; };
		71B0D3741F208C380082221A /* HWNetworking.m */ = {isa = PBXFileReference; fileEncoding = 4; lastKnownFileType = sourcecode.c.objc; path = HWNetworking.m; sourceTree = "<group>"; };
		71B0D3751F208C380082221A /* HWURLProtocol.h */ = {isa = PBXFileReference; fileEncoding = 4; lastKnownFileType = sourcecode.c.h; path = HWURLProtocol.h; sourceTree = "<group>"; };
		71B0D3761F208C380082221A /* HWURLProtocol.m */ = {isa = PBXFileReference; fileEncoding = 4; lastKnownFileType = sourcecode.c.objc; path = HWURLProtocol.m; sourceTree = "<group>"; };
		71B0D3771F208C380082221A /* NSString+HWNet.h */ = {isa = PBXFileReference; fileEncoding = 4; lastKnownFileType = sourcecode.c.h; path = "NSString+HWNet.h"; sourceTree = "<group>"; };
		71B0D3781F208C380082221A /* NSString+HWNet.m */ = {isa = PBXFileReference; fileEncoding = 4; lastKnownFileType = sourcecode.c.objc; path = "NSString+HWNet.m"; sourceTree = "<group>"; };
		71B0D37A1F208C380082221A /* HWRouter.h */ = {isa = PBXFileReference; fileEncoding = 4; lastKnownFileType = sourcecode.c.h; path = HWRouter.h; sourceTree = "<group>"; };
		71B0D37B1F208C380082221A /* HWRouter.m */ = {isa = PBXFileReference; fileEncoding = 4; lastKnownFileType = sourcecode.c.objc; path = HWRouter.m; sourceTree = "<group>"; };
		71B0D37C1F208C380082221A /* HWRouteUtil.h */ = {isa = PBXFileReference; fileEncoding = 4; lastKnownFileType = sourcecode.c.h; path = HWRouteUtil.h; sourceTree = "<group>"; };
		71B0D37D1F208C380082221A /* HWRouteUtil.m */ = {isa = PBXFileReference; fileEncoding = 4; lastKnownFileType = sourcecode.c.objc; path = HWRouteUtil.m; sourceTree = "<group>"; };
		71B0D37F1F208C380082221A /* HWFuntion.h */ = {isa = PBXFileReference; fileEncoding = 4; lastKnownFileType = sourcecode.c.h; path = HWFuntion.h; sourceTree = "<group>"; };
		71B0D3801F208C380082221A /* HWFuntion.m */ = {isa = PBXFileReference; fileEncoding = 4; lastKnownFileType = sourcecode.c.objc; path = HWFuntion.m; sourceTree = "<group>"; };
		71B0D3811F208C380082221A /* HWJsonStringTool.h */ = {isa = PBXFileReference; fileEncoding = 4; lastKnownFileType = sourcecode.c.h; path = HWJsonStringTool.h; sourceTree = "<group>"; };
		71B0D3821F208C380082221A /* HWJsonStringTool.m */ = {isa = PBXFileReference; fileEncoding = 4; lastKnownFileType = sourcecode.c.objc; path = HWJsonStringTool.m; sourceTree = "<group>"; };
		71B0D3831F208C380082221A /* HWViewTool.h */ = {isa = PBXFileReference; fileEncoding = 4; lastKnownFileType = sourcecode.c.h; path = HWViewTool.h; sourceTree = "<group>"; };
		71B0D3841F208C380082221A /* HWViewTool.m */ = {isa = PBXFileReference; fileEncoding = 4; lastKnownFileType = sourcecode.c.objc; path = HWViewTool.m; sourceTree = "<group>"; };
		71B0D3871F208C380082221A /* UIButton+HW.h */ = {isa = PBXFileReference; fileEncoding = 4; lastKnownFileType = sourcecode.c.h; path = "UIButton+HW.h"; sourceTree = "<group>"; };
		71B0D3881F208C380082221A /* UIButton+HW.m */ = {isa = PBXFileReference; fileEncoding = 4; lastKnownFileType = sourcecode.c.objc; path = "UIButton+HW.m"; sourceTree = "<group>"; };
		71B0D3891F208C380082221A /* UIColor+HW.h */ = {isa = PBXFileReference; fileEncoding = 4; lastKnownFileType = sourcecode.c.h; path = "UIColor+HW.h"; sourceTree = "<group>"; };
		71B0D38A1F208C380082221A /* UIColor+HW.m */ = {isa = PBXFileReference; fileEncoding = 4; lastKnownFileType = sourcecode.c.objc; path = "UIColor+HW.m"; sourceTree = "<group>"; };
		71B0D38B1F208C380082221A /* UIImage+HW.h */ = {isa = PBXFileReference; fileEncoding = 4; lastKnownFileType = sourcecode.c.h; path = "UIImage+HW.h"; sourceTree = "<group>"; };
		71B0D38C1F208C380082221A /* UIImage+HW.m */ = {isa = PBXFileReference; fileEncoding = 4; lastKnownFileType = sourcecode.c.objc; path = "UIImage+HW.m"; sourceTree = "<group>"; };
		71B0D38D1F208C380082221A /* UILabel+HW.h */ = {isa = PBXFileReference; fileEncoding = 4; lastKnownFileType = sourcecode.c.h; path = "UILabel+HW.h"; sourceTree = "<group>"; };
		71B0D38E1F208C380082221A /* UILabel+HW.m */ = {isa = PBXFileReference; fileEncoding = 4; lastKnownFileType = sourcecode.c.objc; path = "UILabel+HW.m"; sourceTree = "<group>"; };
		71B0D38F1F208C380082221A /* UINavigationBar+HW.h */ = {isa = PBXFileReference; fileEncoding = 4; lastKnownFileType = sourcecode.c.h; path = "UINavigationBar+HW.h"; sourceTree = "<group>"; };
		71B0D3901F208C380082221A /* UINavigationBar+HW.m */ = {isa = PBXFileReference; fileEncoding = 4; lastKnownFileType = sourcecode.c.objc; path = "UINavigationBar+HW.m"; sourceTree = "<group>"; };
		71B0D3911F208C380082221A /* UITextField+HW.h */ = {isa = PBXFileReference; fileEncoding = 4; lastKnownFileType = sourcecode.c.h; path = "UITextField+HW.h"; sourceTree = "<group>"; };
		71B0D3921F208C380082221A /* UITextField+HW.m */ = {isa = PBXFileReference; fileEncoding = 4; lastKnownFileType = sourcecode.c.objc; path = "UITextField+HW.m"; sourceTree = "<group>"; };
		71B0D3931F208C380082221A /* UIView+HW.h */ = {isa = PBXFileReference; fileEncoding = 4; lastKnownFileType = sourcecode.c.h; path = "UIView+HW.h"; sourceTree = "<group>"; };
		71B0D3941F208C380082221A /* UIView+HW.m */ = {isa = PBXFileReference; fileEncoding = 4; lastKnownFileType = sourcecode.c.objc; path = "UIView+HW.m"; sourceTree = "<group>"; };
		71B0D3951F208C380082221A /* UIViewController+HW.h */ = {isa = PBXFileReference; fileEncoding = 4; lastKnownFileType = sourcecode.c.h; path = "UIViewController+HW.h"; sourceTree = "<group>"; };
		71B0D3961F208C380082221A /* UIViewController+HW.m */ = {isa = PBXFileReference; fileEncoding = 4; lastKnownFileType = sourcecode.c.objc; path = "UIViewController+HW.m"; sourceTree = "<group>"; };
		71B0D3971F208C380082221A /* UIWindow+HW.h */ = {isa = PBXFileReference; fileEncoding = 4; lastKnownFileType = sourcecode.c.h; path = "UIWindow+HW.h"; sourceTree = "<group>"; };
		71B0D3981F208C380082221A /* UIWindow+HW.m */ = {isa = PBXFileReference; fileEncoding = 4; lastKnownFileType = sourcecode.c.objc; path = "UIWindow+HW.m"; sourceTree = "<group>"; };
		71B0D3991F208C380082221A /* HWImageView.h */ = {isa = PBXFileReference; fileEncoding = 4; lastKnownFileType = sourcecode.c.h; path = HWImageView.h; sourceTree = "<group>"; };
		71B0D39A1F208C380082221A /* HWImageView.m */ = {isa = PBXFileReference; fileEncoding = 4; lastKnownFileType = sourcecode.c.objc; path = HWImageView.m; sourceTree = "<group>"; };
		71B0D39D1F208C380082221A /* HWAudioTool.h */ = {isa = PBXFileReference; fileEncoding = 4; lastKnownFileType = sourcecode.c.h; path = HWAudioTool.h; sourceTree = "<group>"; };
		71B0D39E1F208C380082221A /* HWAudioTool.m */ = {isa = PBXFileReference; fileEncoding = 4; lastKnownFileType = sourcecode.c.objc; path = HWAudioTool.m; sourceTree = "<group>"; };
		71B0D3D21F2092CD0082221A /* HWKitHeader.h */ = {isa = PBXFileReference; fileEncoding = 4; lastKnownFileType = sourcecode.c.h; path = HWKitHeader.h; sourceTree = "<group>"; };
		71B0D3D41F2093190082221A /* HWFoudationHeader.h */ = {isa = PBXFileReference; fileEncoding = 4; lastKnownFileType = sourcecode.c.h; path = HWFoudationHeader.h; sourceTree = "<group>"; };
		71B0D3D71F2095090082221A /* HWVideoAndAudioHeader.h */ = {isa = PBXFileReference; fileEncoding = 4; lastKnownFileType = sourcecode.c.h; path = HWVideoAndAudioHeader.h; sourceTree = "<group>"; };
/* End PBXFileReference section */

/* Begin PBXFrameworksBuildPhase section */
		717B06081D13F55D005A8C76 /* Frameworks */ = {
			isa = PBXFrameworksBuildPhase;
			buildActionMask = 2147483647;
			files = (
			);
			runOnlyForDeploymentPostprocessing = 0;
		};
		717B06211D13F55D005A8C76 /* Frameworks */ = {
			isa = PBXFrameworksBuildPhase;
			buildActionMask = 2147483647;
			files = (
			);
			runOnlyForDeploymentPostprocessing = 0;
		};
		717B062C1D13F55D005A8C76 /* Frameworks */ = {
			isa = PBXFrameworksBuildPhase;
			buildActionMask = 2147483647;
			files = (
			);
			runOnlyForDeploymentPostprocessing = 0;
		};
/* End PBXFrameworksBuildPhase section */

/* Begin PBXGroup section */
		717B06021D13F55D005A8C76 = {
			isa = PBXGroup;
			children = (
				717B060D1D13F55D005A8C76 /* HWToolDemo */,
				717B06271D13F55D005A8C76 /* HWToolDemoTests */,
				717B06321D13F55D005A8C76 /* HWToolDemoUITests */,
				717B060C1D13F55D005A8C76 /* Products */,
			);
			sourceTree = "<group>";
		};
		717B060C1D13F55D005A8C76 /* Products */ = {
			isa = PBXGroup;
			children = (
				717B060B1D13F55D005A8C76 /* HWToolDemo.app */,
				717B06241D13F55D005A8C76 /* HWToolDemoTests.xctest */,
				717B062F1D13F55D005A8C76 /* HWToolDemoUITests.xctest */,
			);
			name = Products;
			sourceTree = "<group>";
		};
		717B060D1D13F55D005A8C76 /* HWToolDemo */ = {
			isa = PBXGroup;
			children = (
				71B0D3231F208C370082221A /* HWTool */,
				717B06111D13F55D005A8C76 /* AppDelegate.h */,
				717B06121D13F55D005A8C76 /* AppDelegate.m */,
				717B06141D13F55D005A8C76 /* ViewController.h */,
				717B06151D13F55D005A8C76 /* ViewController.m */,
				717B06171D13F55D005A8C76 /* Main.storyboard */,
				717B061A1D13F55D005A8C76 /* Assets.xcassets */,
				717B061C1D13F55D005A8C76 /* LaunchScreen.storyboard */,
				717B061F1D13F55D005A8C76 /* Info.plist */,
				717B060E1D13F55D005A8C76 /* Supporting Files */,
			);
			path = HWToolDemo;
			sourceTree = "<group>";
		};
		717B060E1D13F55D005A8C76 /* Supporting Files */ = {
			isa = PBXGroup;
			children = (
				717B060F1D13F55D005A8C76 /* main.m */,
				71723CE01E7FC25400515B9C /* HWToolDemo.pch */,
			);
			name = "Supporting Files";
			sourceTree = "<group>";
		};
		717B06271D13F55D005A8C76 /* HWToolDemoTests */ = {
			isa = PBXGroup;
			children = (
				717B06281D13F55D005A8C76 /* HWToolDemoTests.m */,
				717B062A1D13F55D005A8C76 /* Info.plist */,
			);
			path = HWToolDemoTests;
			sourceTree = "<group>";
		};
		717B06321D13F55D005A8C76 /* HWToolDemoUITests */ = {
			isa = PBXGroup;
			children = (
				717B06331D13F55D005A8C76 /* HWToolDemoUITests.m */,
				717B06351D13F55D005A8C76 /* Info.plist */,
			);
			path = HWToolDemoUITests;
			sourceTree = "<group>";
		};
		71B0D3231F208C370082221A /* HWTool */ = {
			isa = PBXGroup;
			children = (
				71B0D33E1F208C370082221A /* HWAPIHeader.h */,
				71B0D3401F208C370082221A /* HWCommonMocros.h */,
				71B0D37E1F208C380082221A /* Tool */,
				71B0D32E1F208C370082221A /* Foudation */,
				71B0D3851F208C380082221A /* UIKit */,
				71B0D39B1F208C380082221A /* VideoAndAudio */,
				71B0D3701F208C380082221A /* NetWork */,
				71B0D3791F208C380082221A /* Router */,
				71B0D3241F208C370082221A /* Expand */,
				71B0D3411F208C370082221A /* Model */,
			);
			path = HWTool;
			sourceTree = "<group>";
		};
		71B0D3241F208C370082221A /* Expand */ = {
			isa = PBXGroup;
			children = (
				71B0D3251F208C370082221A /* GTMBase64.h */,
				71B0D3261F208C370082221A /* GTMBase64.m */,
				71B0D3271F208C370082221A /* GTMDefines.h */,
				71B0D3281F208C370082221A /* HorsonIPAddress.c */,
				71B0D3291F208C370082221A /* HorsonIPAddress.h */,
				71B0D32A1F208C370082221A /* HWAES128Util.h */,
				71B0D32B1F208C370082221A /* HWAES128Util.m */,
				71B0D32C1F208C370082221A /* HWEncryption.h */,
				71B0D32D1F208C370082221A /* HWEncryption.m */,
			);
			path = Expand;
			sourceTree = "<group>";
		};
		71B0D32E1F208C370082221A /* Foudation */ = {
			isa = PBXGroup;
			children = (
				71B0D3D41F2093190082221A /* HWFoudationHeader.h */,
				71B0D32F1F208C370082221A /* Category */,
				71B0D3381F208C370082221A /* HWAppSetting.h */,
				71B0D3391F208C370082221A /* HWAppSetting.m */,
				71B0D33A1F208C370082221A /* HWFile.h */,
				71B0D33B1F208C370082221A /* HWFile.m */,
				71B0D33C1F208C370082221A /* HWModelTool.h */,
				71B0D33D1F208C370082221A /* HWModelTool.m */,
			);
			path = Foudation;
			sourceTree = "<group>";
		};
		71B0D32F1F208C370082221A /* Category */ = {
			isa = PBXGroup;
			children = (
				71B0D3301F208C370082221A /* NSArray+HW.h */,
				71B0D3311F208C370082221A /* NSArray+HW.m */,
				71B0D3321F208C370082221A /* NSDate+HW.h */,
				71B0D3331F208C370082221A /* NSDate+HW.m */,
				71B0D3341F208C370082221A /* NSDictionary+HW.h */,
				71B0D3351F208C370082221A /* NSDictionary+HW.m */,
				71B0D3361F208C370082221A /* NSString+HW.h */,
				71B0D3371F208C370082221A /* NSString+HW.m */,
			);
			path = Category;
			sourceTree = "<group>";
		};
		71B0D3411F208C370082221A /* Model */ = {
			isa = PBXGroup;
			children = (
				71B0D3421F208C370082221A /* HWModel.h */,
				71B0D3431F208C370082221A /* View */,
				71B0D36C1F208C380082221A /* ViewController */,
			);
			path = Model;
			sourceTree = "<group>";
		};
		71B0D3431F208C370082221A /* View */ = {
			isa = PBXGroup;
			children = (
				71B0D3441F208C370082221A /* ADScrollView */,
				71B0D3491F208C380082221A /* ChooseView */,
				71B0D34C1F208C380082221A /* HWDropDownList.h */,
				71B0D34D1F208C380082221A /* HWDropDownList.m */,
				71B0D34E1F208C380082221A /* HWHUB */,
				71B0D3511F208C380082221A /* HWPointsAddedHint.h */,
				71B0D3521F208C380082221A /* HWPointsAddedHint.m */,
				71B0D3531F208C380082221A /* HWQRCodeUtil.h */,
				71B0D3541F208C380082221A /* HWQRCodeUtil.m */,
				71B0D3551F208C380082221A /* HWRollingLabel.h */,
				71B0D3561F208C380082221A /* HWRollingLabel.m */,
				71B0D3571F208C380082221A /* HWTakePhotoUtil.h */,
				71B0D3581F208C380082221A /* HWTakePhotoUtil.m */,
				71B0D3591F208C380082221A /* LoadingView */,
				71B0D35C1F208C380082221A /* PhotoBrowers */,
				71B0D3641F208C380082221A /* RatingBar */,
				71B0D3671F208C380082221A /* SphereMenu.h */,
				71B0D3681F208C380082221A /* SphereMenu.m */,
				71B0D3691F208C380082221A /* TabBarView */,
			);
			path = View;
			sourceTree = "<group>";
		};
		71B0D3441F208C370082221A /* ADScrollView */ = {
			isa = PBXGroup;
			children = (
				71B0D3451F208C380082221A /* HWADScrollView.h */,
				71B0D3461F208C380082221A /* HWADScrollView.m */,
				71B0D3471F208C380082221A /* HWPageControl.h */,
				71B0D3481F208C380082221A /* HWPageControl.m */,
			);
			path = ADScrollView;
			sourceTree = "<group>";
		};
		71B0D3491F208C380082221A /* ChooseView */ = {
			isa = PBXGroup;
			children = (
				71B0D34A1F208C380082221A /* HWChooseView.h */,
				71B0D34B1F208C380082221A /* HWChooseView.m */,
			);
			path = ChooseView;
			sourceTree = "<group>";
		};
		71B0D34E1F208C380082221A /* HWHUB */ = {
			isa = PBXGroup;
			children = (
				71B0D34F1F208C380082221A /* HWMessage.h */,
				71B0D3501F208C380082221A /* HWMessage.m */,
			);
			path = HWHUB;
			sourceTree = "<group>";
		};
		71B0D3591F208C380082221A /* LoadingView */ = {
			isa = PBXGroup;
			children = (
				71B0D35A1F208C380082221A /* HWNetwokUploadingAnimation.h */,
				71B0D35B1F208C380082221A /* HWNetwokUploadingAnimation.m */,
			);
			path = LoadingView;
			sourceTree = "<group>";
		};
		71B0D35C1F208C380082221A /* PhotoBrowers */ = {
			isa = PBXGroup;
			children = (
				71B0D35D1F208C380082221A /* HWBrowserImageView.h */,
				71B0D35E1F208C380082221A /* HWBrowserImageView.m */,
				71B0D35F1F208C380082221A /* HWPhotoBrowser.h */,
				71B0D3601F208C380082221A /* HWPhotoBrowser.m */,
				71B0D3611F208C380082221A /* HWPhotoBrowserConfig.h */,
				71B0D3621F208C380082221A /* HWWaitingView.h */,
				71B0D3631F208C380082221A /* HWWaitingView.m */,
			);
			path = PhotoBrowers;
			sourceTree = "<group>";
		};
		71B0D3641F208C380082221A /* RatingBar */ = {
			isa = PBXGroup;
			children = (
				71B0D3651F208C380082221A /* HWRatingBar.h */,
				71B0D3661F208C380082221A /* HWRatingBar.m */,
			);
			path = RatingBar;
			sourceTree = "<group>";
		};
		71B0D3691F208C380082221A /* TabBarView */ = {
			isa = PBXGroup;
			children = (
				71B0D36A1F208C380082221A /* HWTabbarView.h */,
				71B0D36B1F208C380082221A /* HWTabbarView.m */,
			);
			path = TabBarView;
			sourceTree = "<group>";
		};
		71B0D36C1F208C380082221A /* ViewController */ = {
			isa = PBXGroup;
			children = (
				71B0D36D1F208C380082221A /* TabarController */,
			);
			path = ViewController;
			sourceTree = "<group>";
		};
		71B0D36D1F208C380082221A /* TabarController */ = {
			isa = PBXGroup;
			children = (
				71B0D36E1F208C380082221A /* HWTabBarController.h */,
				71B0D36F1F208C380082221A /* HWTabBarController.m */,
			);
			path = TabarController;
			sourceTree = "<group>";
		};
		71B0D3701F208C380082221A /* NetWork */ = {
			isa = PBXGroup;
			children = (
				71B0D3711F208C380082221A /* HWNetwork.h */,
				71B0D3721F208C380082221A /* HWNetwork.m */,
				71B0D3731F208C380082221A /* HWNetworking.h */,
				71B0D3741F208C380082221A /* HWNetworking.m */,
				71B0D3751F208C380082221A /* HWURLProtocol.h */,
				71B0D3761F208C380082221A /* HWURLProtocol.m */,
				71B0D3771F208C380082221A /* NSString+HWNet.h */,
				71B0D3781F208C380082221A /* NSString+HWNet.m */,
			);
			path = NetWork;
			sourceTree = "<group>";
		};
		71B0D3791F208C380082221A /* Router */ = {
			isa = PBXGroup;
			children = (
				71B0D37A1F208C380082221A /* HWRouter.h */,
				71B0D37B1F208C380082221A /* HWRouter.m */,
				71B0D37C1F208C380082221A /* HWRouteUtil.h */,
				71B0D37D1F208C380082221A /* HWRouteUtil.m */,
			);
			path = Router;
			sourceTree = "<group>";
		};
		71B0D37E1F208C380082221A /* Tool */ = {
			isa = PBXGroup;
			children = (
				71B0D37F1F208C380082221A /* HWFuntion.h */,
				71B0D3801F208C380082221A /* HWFuntion.m */,
				71B0D3811F208C380082221A /* HWJsonStringTool.h */,
				71B0D3821F208C380082221A /* HWJsonStringTool.m */,
				71B0D3831F208C380082221A /* HWViewTool.h */,
				71B0D3841F208C380082221A /* HWViewTool.m */,
			);
			path = Tool;
			sourceTree = "<group>";
		};
		71B0D3851F208C380082221A /* UIKit */ = {
			isa = PBXGroup;
			children = (
				71B0D3D21F2092CD0082221A /* HWKitHeader.h */,
				71B0D3861F208C380082221A /* Category */,
				71B0D3991F208C380082221A /* HWImageView.h */,
				71B0D39A1F208C380082221A /* HWImageView.m */,
			);
			path = UIKit;
			sourceTree = "<group>";
		};
		71B0D3861F208C380082221A /* Category */ = {
			isa = PBXGroup;
			children = (
				71B0D3871F208C380082221A /* UIButton+HW.h */,
				71B0D3881F208C380082221A /* UIButton+HW.m */,
				71B0D3891F208C380082221A /* UIColor+HW.h */,
				71B0D38A1F208C380082221A /* UIColor+HW.m */,
				71B0D38B1F208C380082221A /* UIImage+HW.h */,
				71B0D38C1F208C380082221A /* UIImage+HW.m */,
				71B0D38D1F208C380082221A /* UILabel+HW.h */,
				71B0D38E1F208C380082221A /* UILabel+HW.m */,
				71B0D38F1F208C380082221A /* UINavigationBar+HW.h */,
				71B0D3901F208C380082221A /* UINavigationBar+HW.m */,
				71B0D3911F208C380082221A /* UITextField+HW.h */,
				71B0D3921F208C380082221A /* UITextField+HW.m */,
				71B0D3931F208C380082221A /* UIView+HW.h */,
				71B0D3941F208C380082221A /* UIView+HW.m */,
				71B0D3951F208C380082221A /* UIViewController+HW.h */,
				71B0D3961F208C380082221A /* UIViewController+HW.m */,
				71B0D3971F208C380082221A /* UIWindow+HW.h */,
				71B0D3981F208C380082221A /* UIWindow+HW.m */,
			);
			path = Category;
			sourceTree = "<group>";
		};
		71B0D39B1F208C380082221A /* VideoAndAudio */ = {
			isa = PBXGroup;
			children = (
				71B0D3D71F2095090082221A /* HWVideoAndAudioHeader.h */,
				71B0D39C1F208C380082221A /* Audio */,
				71B0D39F1F208C380082221A /* Video */,
			);
			path = VideoAndAudio;
			sourceTree = "<group>";
		};
		71B0D39C1F208C380082221A /* Audio */ = {
			isa = PBXGroup;
			children = (
				71B0D39D1F208C380082221A /* HWAudioTool.h */,
				71B0D39E1F208C380082221A /* HWAudioTool.m */,
			);
			path = Audio;
			sourceTree = "<group>";
		};
		71B0D39F1F208C380082221A /* Video */ = {
			isa = PBXGroup;
			children = (
			);
			path = Video;
			sourceTree = "<group>";
		};
/* End PBXGroup section */

/* Begin PBXNativeTarget section */
		717B060A1D13F55D005A8C76 /* HWToolDemo */ = {
			isa = PBXNativeTarget;
			buildConfigurationList = 717B06381D13F55D005A8C76 /* Build configuration list for PBXNativeTarget "HWToolDemo" */;
			buildPhases = (
				717B06071D13F55D005A8C76 /* Sources */,
				717B06081D13F55D005A8C76 /* Frameworks */,
				717B06091D13F55D005A8C76 /* Resources */,
			);
			buildRules = (
			);
			dependencies = (
			);
			name = HWToolDemo;
			productName = HWToolDemo;
			productReference = 717B060B1D13F55D005A8C76 /* HWToolDemo.app */;
			productType = "com.apple.product-type.application";
		};
		717B06231D13F55D005A8C76 /* HWToolDemoTests */ = {
			isa = PBXNativeTarget;
			buildConfigurationList = 717B063B1D13F55D005A8C76 /* Build configuration list for PBXNativeTarget "HWToolDemoTests" */;
			buildPhases = (
				717B06201D13F55D005A8C76 /* Sources */,
				717B06211D13F55D005A8C76 /* Frameworks */,
				717B06221D13F55D005A8C76 /* Resources */,
			);
			buildRules = (
			);
			dependencies = (
				717B06261D13F55D005A8C76 /* PBXTargetDependency */,
			);
			name = HWToolDemoTests;
			productName = HWToolDemoTests;
			productReference = 717B06241D13F55D005A8C76 /* HWToolDemoTests.xctest */;
			productType = "com.apple.product-type.bundle.unit-test";
		};
		717B062E1D13F55D005A8C76 /* HWToolDemoUITests */ = {
			isa = PBXNativeTarget;
			buildConfigurationList = 717B063E1D13F55D005A8C76 /* Build configuration list for PBXNativeTarget "HWToolDemoUITests" */;
			buildPhases = (
				717B062B1D13F55D005A8C76 /* Sources */,
				717B062C1D13F55D005A8C76 /* Frameworks */,
				717B062D1D13F55D005A8C76 /* Resources */,
			);
			buildRules = (
			);
			dependencies = (
				717B06311D13F55D005A8C76 /* PBXTargetDependency */,
			);
			name = HWToolDemoUITests;
			productName = HWToolDemoUITests;
			productReference = 717B062F1D13F55D005A8C76 /* HWToolDemoUITests.xctest */;
			productType = "com.apple.product-type.bundle.ui-testing";
		};
/* End PBXNativeTarget section */

/* Begin PBXProject section */
		717B06031D13F55D005A8C76 /* Project object */ = {
			isa = PBXProject;
			attributes = {
				LastUpgradeCheck = 0900;
				ORGANIZATIONNAME = elovega;
				TargetAttributes = {
					717B060A1D13F55D005A8C76 = {
						CreatedOnToolsVersion = 7.3.1;
					};
					717B06231D13F55D005A8C76 = {
						CreatedOnToolsVersion = 7.3.1;
						TestTargetID = 717B060A1D13F55D005A8C76;
					};
					717B062E1D13F55D005A8C76 = {
						CreatedOnToolsVersion = 7.3.1;
						TestTargetID = 717B060A1D13F55D005A8C76;
					};
				};
			};
			buildConfigurationList = 717B06061D13F55D005A8C76 /* Build configuration list for PBXProject "HWToolDemo" */;
			compatibilityVersion = "Xcode 3.2";
			developmentRegion = English;
			hasScannedForEncodings = 0;
			knownRegions = (
				en,
				Base,
			);
			mainGroup = 717B06021D13F55D005A8C76;
			productRefGroup = 717B060C1D13F55D005A8C76 /* Products */;
			projectDirPath = "";
			projectRoot = "";
			targets = (
				717B060A1D13F55D005A8C76 /* HWToolDemo */,
				717B06231D13F55D005A8C76 /* HWToolDemoTests */,
				717B062E1D13F55D005A8C76 /* HWToolDemoUITests */,
			);
		};
/* End PBXProject section */

/* Begin PBXResourcesBuildPhase section */
		717B06091D13F55D005A8C76 /* Resources */ = {
			isa = PBXResourcesBuildPhase;
			buildActionMask = 2147483647;
			files = (
				717B061E1D13F55D005A8C76 /* LaunchScreen.storyboard in Resources */,
				717B061B1D13F55D005A8C76 /* Assets.xcassets in Resources */,
				717B06191D13F55D005A8C76 /* Main.storyboard in Resources */,
			);
			runOnlyForDeploymentPostprocessing = 0;
		};
		717B06221D13F55D005A8C76 /* Resources */ = {
			isa = PBXResourcesBuildPhase;
			buildActionMask = 2147483647;
			files = (
			);
			runOnlyForDeploymentPostprocessing = 0;
		};
		717B062D1D13F55D005A8C76 /* Resources */ = {
			isa = PBXResourcesBuildPhase;
			buildActionMask = 2147483647;
			files = (
			);
			runOnlyForDeploymentPostprocessing = 0;
		};
/* End PBXResourcesBuildPhase section */

/* Begin PBXSourcesBuildPhase section */
		717B06071D13F55D005A8C76 /* Sources */ = {
			isa = PBXSourcesBuildPhase;
			buildActionMask = 2147483647;
			files = (
				717B06161D13F55D005A8C76 /* ViewController.m in Sources */,
				71B0D3A41F208C380082221A /* NSArray+HW.m in Sources */,
				71B0D3AB1F208C380082221A /* HWADScrollView.m in Sources */,
				71B0D3CF1F208C380082221A /* HWAudioTool.m in Sources */,
				71B0D3B71F208C380082221A /* HWWaitingView.m in Sources */,
				71B0D3AE1F208C380082221A /* HWDropDownList.m in Sources */,
				71B0D3CE1F208C380082221A /* HWImageView.m in Sources */,
				71B0D3C01F208C380082221A /* HWRouter.m in Sources */,
				71B0D3AA1F208C380082221A /* HWModelTool.m in Sources */,
				71B0D3BE1F208C380082221A /* HWURLProtocol.m in Sources */,
				71B0D3CA1F208C380082221A /* UITextField+HW.m in Sources */,
				71B0D3A11F208C380082221A /* HorsonIPAddress.c in Sources */,
				71B0D3AF1F208C380082221A /* HWMessage.m in Sources */,
				71B0D3BD1F208C380082221A /* HWNetworking.m in Sources */,
				71B0D3B01F208C380082221A /* HWPointsAddedHint.m in Sources */,
				71B0D3C91F208C380082221A /* UINavigationBar+HW.m in Sources */,
				71B0D3C51F208C380082221A /* UIButton+HW.m in Sources */,
				71B0D3CB1F208C380082221A /* UIView+HW.m in Sources */,
				71B0D3B91F208C380082221A /* SphereMenu.m in Sources */,
				71B0D3A91F208C380082221A /* HWFile.m in Sources */,
				71B0D3A81F208C380082221A /* HWAppSetting.m in Sources */,
				71B0D3C41F208C380082221A /* HWViewTool.m in Sources */,
				71B0D3AC1F208C380082221A /* HWPageControl.m in Sources */,
				717B06131D13F55D005A8C76 /* AppDelegate.m in Sources */,
				71B0D3C81F208C380082221A /* UILabel+HW.m in Sources */,
				71B0D3CC1F208C380082221A /* UIViewController+HW.m in Sources */,
				717B06101D13F55D005A8C76 /* main.m in Sources */,
				71B0D3BC1F208C380082221A /* HWNetwork.m in Sources */,
				71B0D3BF1F208C380082221A /* NSString+HWNet.m in Sources */,
				71B0D3A21F208C380082221A /* HWAES128Util.m in Sources */,
				71B0D3A01F208C380082221A /* GTMBase64.m in Sources */,
				71B0D3C61F208C380082221A /* UIColor+HW.m in Sources */,
				71B0D3B11F208C380082221A /* HWQRCodeUtil.m in Sources */,
				71B0D3B81F208C380082221A /* HWRatingBar.m in Sources */,
				71B0D3CD1F208C380082221A /* UIWindow+HW.m in Sources */,
				71B0D3BA1F208C380082221A /* HWTabbarView.m in Sources */,
				71B0D3A61F208C380082221A /* NSDictionary+HW.m in Sources */,
				71B0D3B41F208C380082221A /* HWNetwokUploadingAnimation.m in Sources */,
				71B0D3A51F208C380082221A /* NSDate+HW.m in Sources */,
				71B0D3C11F208C380082221A /* HWRouteUtil.m in Sources */,
				71B0D3A31F208C380082221A /* HWEncryption.m in Sources */,
				71B0D3AD1F208C380082221A /* HWChooseView.m in Sources */,
				71B0D3C71F208C380082221A /* UIImage+HW.m in Sources */,
				71B0D3B31F208C380082221A /* HWTakePhotoUtil.m in Sources */,
				71B0D3B61F208C380082221A /* HWPhotoBrowser.m in Sources */,
				71B0D3C31F208C380082221A /* HWJsonStringTool.m in Sources */,
				71B0D3BB1F208C380082221A /* HWTabBarController.m in Sources */,
				71B0D3C21F208C380082221A /* HWFuntion.m in Sources */,
				71B0D3B51F208C380082221A /* HWBrowserImageView.m in Sources */,
				71B0D3A71F208C380082221A /* NSString+HW.m in Sources */,
				71B0D3B21F208C380082221A /* HWRollingLabel.m in Sources */,
			);
			runOnlyForDeploymentPostprocessing = 0;
		};
		717B06201D13F55D005A8C76 /* Sources */ = {
			isa = PBXSourcesBuildPhase;
			buildActionMask = 2147483647;
			files = (
				717B06291D13F55D005A8C76 /* HWToolDemoTests.m in Sources */,
			);
			runOnlyForDeploymentPostprocessing = 0;
		};
		717B062B1D13F55D005A8C76 /* Sources */ = {
			isa = PBXSourcesBuildPhase;
			buildActionMask = 2147483647;
			files = (
				717B06341D13F55D005A8C76 /* HWToolDemoUITests.m in Sources */,
			);
			runOnlyForDeploymentPostprocessing = 0;
		};
/* End PBXSourcesBuildPhase section */

/* Begin PBXTargetDependency section */
		717B06261D13F55D005A8C76 /* PBXTargetDependency */ = {
			isa = PBXTargetDependency;
			target = 717B060A1D13F55D005A8C76 /* HWToolDemo */;
			targetProxy = 717B06251D13F55D005A8C76 /* PBXContainerItemProxy */;
		};
		717B06311D13F55D005A8C76 /* PBXTargetDependency */ = {
			isa = PBXTargetDependency;
			target = 717B060A1D13F55D005A8C76 /* HWToolDemo */;
			targetProxy = 717B06301D13F55D005A8C76 /* PBXContainerItemProxy */;
		};
/* End PBXTargetDependency section */

/* Begin PBXVariantGroup section */
		717B06171D13F55D005A8C76 /* Main.storyboard */ = {
			isa = PBXVariantGroup;
			children = (
				717B06181D13F55D005A8C76 /* Base */,
			);
			name = Main.storyboard;
			sourceTree = "<group>";
		};
		717B061C1D13F55D005A8C76 /* LaunchScreen.storyboard */ = {
			isa = PBXVariantGroup;
			children = (
				717B061D1D13F55D005A8C76 /* Base */,
			);
			name = LaunchScreen.storyboard;
			sourceTree = "<group>";
		};
/* End PBXVariantGroup section */

/* Begin XCBuildConfiguration section */
		717B06361D13F55D005A8C76 /* Debug */ = {
			isa = XCBuildConfiguration;
			buildSettings = {
				ALWAYS_SEARCH_USER_PATHS = NO;
				CLANG_ANALYZER_NONNULL = YES;
				CLANG_CXX_LANGUAGE_STANDARD = "gnu++0x";
				CLANG_CXX_LIBRARY = "libc++";
				CLANG_ENABLE_MODULES = YES;
				CLANG_ENABLE_OBJC_ARC = YES;
				CLANG_WARN_BLOCK_CAPTURE_AUTORELEASING = YES;
				CLANG_WARN_BOOL_CONVERSION = YES;
				CLANG_WARN_COMMA = YES;
				CLANG_WARN_CONSTANT_CONVERSION = YES;
				CLANG_WARN_DIRECT_OBJC_ISA_USAGE = YES_ERROR;
				CLANG_WARN_EMPTY_BODY = YES;
				CLANG_WARN_ENUM_CONVERSION = YES;
				CLANG_WARN_INFINITE_RECURSION = YES;
				CLANG_WARN_INT_CONVERSION = YES;
				CLANG_WARN_NON_LITERAL_NULL_CONVERSION = YES;
				CLANG_WARN_OBJC_LITERAL_CONVERSION = YES;
				CLANG_WARN_OBJC_ROOT_CLASS = YES_ERROR;
				CLANG_WARN_RANGE_LOOP_ANALYSIS = YES;
				CLANG_WARN_STRICT_PROTOTYPES = YES;
				CLANG_WARN_SUSPICIOUS_MOVE = YES;
				CLANG_WARN_UNREACHABLE_CODE = YES;
				CLANG_WARN__DUPLICATE_METHOD_MATCH = YES;
				"CODE_SIGN_IDENTITY[sdk=iphoneos*]" = "iPhone Developer";
				COPY_PHASE_STRIP = NO;
				DEBUG_INFORMATION_FORMAT = dwarf;
				ENABLE_STRICT_OBJC_MSGSEND = YES;
				ENABLE_TESTABILITY = YES;
				GCC_C_LANGUAGE_STANDARD = gnu99;
				GCC_DYNAMIC_NO_PIC = NO;
				GCC_NO_COMMON_BLOCKS = YES;
				GCC_OPTIMIZATION_LEVEL = 0;
				GCC_PREPROCESSOR_DEFINITIONS = (
					"DEBUG=1",
					"$(inherited)",
				);
				GCC_WARN_64_TO_32_BIT_CONVERSION = YES;
				GCC_WARN_ABOUT_RETURN_TYPE = YES_ERROR;
				GCC_WARN_UNDECLARED_SELECTOR = YES;
				GCC_WARN_UNINITIALIZED_AUTOS = YES_AGGRESSIVE;
				GCC_WARN_UNUSED_FUNCTION = YES;
				GCC_WARN_UNUSED_VARIABLE = YES;
				IPHONEOS_DEPLOYMENT_TARGET = 9.3;
				MTL_ENABLE_DEBUG_INFO = YES;
				ONLY_ACTIVE_ARCH = YES;
				SDKROOT = iphoneos;
				TARGETED_DEVICE_FAMILY = "1,2";
			};
			name = Debug;
		};
		717B06371D13F55D005A8C76 /* Release */ = {
			isa = XCBuildConfiguration;
			buildSettings = {
				ALWAYS_SEARCH_USER_PATHS = NO;
				CLANG_ANALYZER_NONNULL = YES;
				CLANG_CXX_LANGUAGE_STANDARD = "gnu++0x";
				CLANG_CXX_LIBRARY = "libc++";
				CLANG_ENABLE_MODULES = YES;
				CLANG_ENABLE_OBJC_ARC = YES;
				CLANG_WARN_BLOCK_CAPTURE_AUTORELEASING = YES;
				CLANG_WARN_BOOL_CONVERSION = YES;
				CLANG_WARN_COMMA = YES;
				CLANG_WARN_CONSTANT_CONVERSION = YES;
				CLANG_WARN_DIRECT_OBJC_ISA_USAGE = YES_ERROR;
				CLANG_WARN_EMPTY_BODY = YES;
				CLANG_WARN_ENUM_CONVERSION = YES;
				CLANG_WARN_INFINITE_RECURSION = YES;
				CLANG_WARN_INT_CONVERSION = YES;
				CLANG_WARN_NON_LITERAL_NULL_CONVERSION = YES;
				CLANG_WARN_OBJC_LITERAL_CONVERSION = YES;
				CLANG_WARN_OBJC_ROOT_CLASS = YES_ERROR;
				CLANG_WARN_RANGE_LOOP_ANALYSIS = YES;
				CLANG_WARN_STRICT_PROTOTYPES = YES;
				CLANG_WARN_SUSPICIOUS_MOVE = YES;
				CLANG_WARN_UNREACHABLE_CODE = YES;
				CLANG_WARN__DUPLICATE_METHOD_MATCH = YES;
				"CODE_SIGN_IDENTITY[sdk=iphoneos*]" = "iPhone Developer";
				COPY_PHASE_STRIP = NO;
				DEBUG_INFORMATION_FORMAT = "dwarf-with-dsym";
				ENABLE_NS_ASSERTIONS = NO;
				ENABLE_STRICT_OBJC_MSGSEND = YES;
				GCC_C_LANGUAGE_STANDARD = gnu99;
				GCC_NO_COMMON_BLOCKS = YES;
				GCC_WARN_64_TO_32_BIT_CONVERSION = YES;
				GCC_WARN_ABOUT_RETURN_TYPE = YES_ERROR;
				GCC_WARN_UNDECLARED_SELECTOR = YES;
				GCC_WARN_UNINITIALIZED_AUTOS = YES_AGGRESSIVE;
				GCC_WARN_UNUSED_FUNCTION = YES;
				GCC_WARN_UNUSED_VARIABLE = YES;
				IPHONEOS_DEPLOYMENT_TARGET = 9.3;
				MTL_ENABLE_DEBUG_INFO = NO;
				SDKROOT = iphoneos;
				TARGETED_DEVICE_FAMILY = "1,2";
				VALIDATE_PRODUCT = YES;
			};
			name = Release;
		};
		717B06391D13F55D005A8C76 /* Debug */ = {
			isa = XCBuildConfiguration;
			buildSettings = {
				ASSETCATALOG_COMPILER_APPICON_NAME = AppIcon;
				GCC_PREFIX_HEADER = HWToolDemo/HWToolDemo.pch;
				INFOPLIST_FILE = HWToolDemo/Info.plist;
				LD_RUNPATH_SEARCH_PATHS = "$(inherited) @executable_path/Frameworks";
				PRODUCT_BUNDLE_IDENTIFIER = com.elovega.HWToolDemo;
				PRODUCT_NAME = "$(TARGET_NAME)";
			};
			name = Debug;
		};
		717B063A1D13F55D005A8C76 /* Release */ = {
			isa = XCBuildConfiguration;
			buildSettings = {
				ASSETCATALOG_COMPILER_APPICON_NAME = AppIcon;
				GCC_PREFIX_HEADER = HWToolDemo/HWToolDemo.pch;
				INFOPLIST_FILE = HWToolDemo/Info.plist;
				LD_RUNPATH_SEARCH_PATHS = "$(inherited) @executable_path/Frameworks";
				PRODUCT_BUNDLE_IDENTIFIER = com.elovega.HWToolDemo;
				PRODUCT_NAME = "$(TARGET_NAME)";
			};
			name = Release;
		};
		717B063C1D13F55D005A8C76 /* Debug */ = {
			isa = XCBuildConfiguration;
			buildSettings = {
				BUNDLE_LOADER = "$(TEST_HOST)";
				INFOPLIST_FILE = HWToolDemoTests/Info.plist;
				LD_RUNPATH_SEARCH_PATHS = "$(inherited) @executable_path/Frameworks @loader_path/Frameworks";
				PRODUCT_BUNDLE_IDENTIFIER = com.elovega.HWToolDemoTests;
				PRODUCT_NAME = "$(TARGET_NAME)";
				TEST_HOST = "$(BUILT_PRODUCTS_DIR)/HWToolDemo.app/HWToolDemo";
			};
			name = Debug;
		};
		717B063D1D13F55D005A8C76 /* Release */ = {
			isa = XCBuildConfiguration;
			buildSettings = {
				BUNDLE_LOADER = "$(TEST_HOST)";
				INFOPLIST_FILE = HWToolDemoTests/Info.plist;
				LD_RUNPATH_SEARCH_PATHS = "$(inherited) @executable_path/Frameworks @loader_path/Frameworks";
				PRODUCT_BUNDLE_IDENTIFIER = com.elovega.HWToolDemoTests;
				PRODUCT_NAME = "$(TARGET_NAME)";
				TEST_HOST = "$(BUILT_PRODUCTS_DIR)/HWToolDemo.app/HWToolDemo";
			};
			name = Release;
		};
		717B063F1D13F55D005A8C76 /* Debug */ = {
			isa = XCBuildConfiguration;
			buildSettings = {
				INFOPLIST_FILE = HWToolDemoUITests/Info.plist;
				LD_RUNPATH_SEARCH_PATHS = "$(inherited) @executable_path/Frameworks @loader_path/Frameworks";
				PRODUCT_BUNDLE_IDENTIFIER = com.elovega.HWToolDemoUITests;
				PRODUCT_NAME = "$(TARGET_NAME)";
				TEST_TARGET_NAME = HWToolDemo;
			};
			name = Debug;
		};
		717B06401D13F55D005A8C76 /* Release */ = {
			isa = XCBuildConfiguration;
			buildSettings = {
				INFOPLIST_FILE = HWToolDemoUITests/Info.plist;
				LD_RUNPATH_SEARCH_PATHS = "$(inherited) @executable_path/Frameworks @loader_path/Frameworks";
				PRODUCT_BUNDLE_IDENTIFIER = com.elovega.HWToolDemoUITests;
				PRODUCT_NAME = "$(TARGET_NAME)";
				TEST_TARGET_NAME = HWToolDemo;
			};
			name = Release;
		};
/* End XCBuildConfiguration section */

/* Begin XCConfigurationList section */
		717B06061D13F55D005A8C76 /* Build configuration list for PBXProject "HWToolDemo" */ = {
			isa = XCConfigurationList;
			buildConfigurations = (
				717B06361D13F55D005A8C76 /* Debug */,
				717B06371D13F55D005A8C76 /* Release */,
			);
			defaultConfigurationIsVisible = 0;
			defaultConfigurationName = Release;
		};
		717B06381D13F55D005A8C76 /* Build configuration list for PBXNativeTarget "HWToolDemo" */ = {
			isa = XCConfigurationList;
			buildConfigurations = (
				717B06391D13F55D005A8C76 /* Debug */,
				717B063A1D13F55D005A8C76 /* Release */,
			);
			defaultConfigurationIsVisible = 0;
			defaultConfigurationName = Release;
		};
		717B063B1D13F55D005A8C76 /* Build configuration list for PBXNativeTarget "HWToolDemoTests" */ = {
			isa = XCConfigurationList;
			buildConfigurations = (
				717B063C1D13F55D005A8C76 /* Debug */,
				717B063D1D13F55D005A8C76 /* Release */,
			);
			defaultConfigurationIsVisible = 0;
			defaultConfigurationName = Release;
		};
		717B063E1D13F55D005A8C76 /* Build configuration list for PBXNativeTarget "HWToolDemoUITests" */ = {
			isa = XCConfigurationList;
			buildConfigurations = (
				717B063F1D13F55D005A8C76 /* Debug */,
				717B06401D13F55D005A8C76 /* Release */,
			);
			defaultConfigurationIsVisible = 0;
			defaultConfigurationName = Release;
		};
/* End XCConfigurationList section */
	};
	rootObject = 717B06031D13F55D005A8C76 /* Project object */;
}
